Microsoft Visual Studio Solution File, Format Version 12.00
# Visual Studio Version 16
VisualStudioVersion = 16.0.31112.23
MinimumVisualStudioVersion = 10.0.40219.1
Project("{E24C65DC-7377-472B-9ABA-BC803B73C61A}") = "D:", "..\..\", "{407B75C1-DF84-479F-BD54-F5A5D7012034}"
	ProjectSection(WebsiteProperties) = preProject
		TargetFrameworkMoniker = ".NETFramework,Version%3Dv4.7.1"
		ProjectReferences = "{9BC6D61A-5D4B-4D57-BC6B-5E3F9D04377E}|IpevoCustomizations.dll;"
		Debug.AspNetCompiler.VirtualPath = "/localhost_4445"
		Debug.AspNetCompiler.PhysicalPath = "..\..\..\IPEVEO\"
		Debug.AspNetCompiler.TargetPath = "PrecompiledWeb\localhost_4445\"
		Debug.AspNetCompiler.Updateable = "true"
		Debug.AspNetCompiler.ForceOverwrite = "true"
		Debug.AspNetCompiler.FixedNames = "false"
		Debug.AspNetCompiler.Debug = "True"
		Release.AspNetCompiler.VirtualPath = "/localhost_4445"
		Release.AspNetCompiler.PhysicalPath = "..\..\..\IPEVEO\"
		Release.AspNetCompiler.TargetPath = "PrecompiledWeb\localhost_4445\"
		Release.AspNetCompiler.Updateable = "true"
		Release.AspNetCompiler.ForceOverwrite = "true"
		Release.AspNetCompiler.FixedNames = "false"
		Release.AspNetCompiler.Debug = "False"
		VWDPort = "4445"
		VWDDynamicPort = "false"
		SlnRelativePath = "..\..\IPEVEO\"
	EndProjectSection
	ProjectSection(ProjectDependencies) = postProject
		{0076CE61-BAAA-4EBD-9ECD-1A4548D3C01B} = {0076CE61-BAAA-4EBD-9ECD-1A4548D3C01B}
		{24EE44C5-3489-4D6B-B17C-B7F59E2CDEBD} = {24EE44C5-3489-4D6B-B17C-B7F59E2CDEBD}
	EndProjectSection
EndProject
Project("{FAE04EC0-301F-11D3-BF4B-00C04F79EFBC}") = "ExternalLogisticsAPI", "ExternalLogisticsAPI\ExternalLogisticsAPI.csproj", "{0076CE61-BAAA-4EBD-9ECD-1A4548D3C01B}"
EndProject
Project("{FAE04EC0-301F-11D3-BF4B-00C04F79EFBC}") = "IpevoCustomizations", "IpevoCustomizations\IpevoCustomizations.csproj", "{9BC6D61A-5D4B-4D57-BC6B-5E3F9D04377E}"
EndProject
Project("{FAE04EC0-301F-11D3-BF4B-00C04F79EFBC}") = "eGUICustomizations", "eGUICustomizations\eGUICustomizations.csproj", "{24EE44C5-3489-4D6B-B17C-B7F59E2CDEBD}"
EndProject
Project("{FAE04EC0-301F-11D3-BF4B-00C04F79EFBC}") = "APILibrary", "APILibrary\APILibrary.csproj", "{9002A60E-1D2F-4D86-95A7-7F2BE50CDE04}"
EndProject
Project("{FAE04EC0-301F-11D3-BF4B-00C04F79EFBC}") = "LUMInterTenantTrans", "LUMInterTenantTrans\LUMInterTenantTrans.csproj", "{1120904B-4E07-4C1F-B692-1F54BF986034}"
EndProject
Project("{FAE04EC0-301F-11D3-BF4B-00C04F79EFBC}") = "LumInventoryCustomizaton", "LumInventoryCustomizaton\LumInventoryCustomizaton.csproj", "{34D83293-E0F2-4513-8E7A-6F3B1AB110BD}"
EndProject
Global
	GlobalSection(SolutionConfigurationPlatforms) = preSolution
		Debug|Any CPU = Debug|Any CPU
		Release|Any CPU = Release|Any CPU
	EndGlobalSection
	GlobalSection(ProjectConfigurationPlatforms) = postSolution
		{407B75C1-DF84-479F-BD54-F5A5D7012034}.Debug|Any CPU.ActiveCfg = Debug|Any CPU
		{407B75C1-DF84-479F-BD54-F5A5D7012034}.Debug|Any CPU.Build.0 = Debug|Any CPU
		{407B75C1-DF84-479F-BD54-F5A5D7012034}.Release|Any CPU.ActiveCfg = Debug|Any CPU
		{407B75C1-DF84-479F-BD54-F5A5D7012034}.Release|Any CPU.Build.0 = Debug|Any CPU
		{0076CE61-BAAA-4EBD-9ECD-1A4548D3C01B}.Debug|Any CPU.ActiveCfg = Debug|Any CPU
		{0076CE61-BAAA-4EBD-9ECD-1A4548D3C01B}.Debug|Any CPU.Build.0 = Debug|Any CPU
		{0076CE61-BAAA-4EBD-9ECD-1A4548D3C01B}.Release|Any CPU.ActiveCfg = Release|Any CPU
		{0076CE61-BAAA-4EBD-9ECD-1A4548D3C01B}.Release|Any CPU.Build.0 = Release|Any CPU
		{9BC6D61A-5D4B-4D57-BC6B-5E3F9D04377E}.Debug|Any CPU.ActiveCfg = Debug|Any CPU
		{9BC6D61A-5D4B-4D57-BC6B-5E3F9D04377E}.Release|Any CPU.ActiveCfg = Release|Any CPU
		{9BC6D61A-5D4B-4D57-BC6B-5E3F9D04377E}.Release|Any CPU.Build.0 = Release|Any CPU
		{24EE44C5-3489-4D6B-B17C-B7F59E2CDEBD}.Debug|Any CPU.ActiveCfg = Debug|Any CPU
		{24EE44C5-3489-4D6B-B17C-B7F59E2CDEBD}.Debug|Any CPU.Build.0 = Debug|Any CPU
		{24EE44C5-3489-4D6B-B17C-B7F59E2CDEBD}.Release|Any CPU.ActiveCfg = Release|Any CPU
		{24EE44C5-3489-4D6B-B17C-B7F59E2CDEBD}.Release|Any CPU.Build.0 = Release|Any CPU
		{9002A60E-1D2F-4D86-95A7-7F2BE50CDE04}.Debug|Any CPU.ActiveCfg = Debug|Any CPU
		{9002A60E-1D2F-4D86-95A7-7F2BE50CDE04}.Debug|Any CPU.Build.0 = Debug|Any CPU
		{9002A60E-1D2F-4D86-95A7-7F2BE50CDE04}.Release|Any CPU.ActiveCfg = Release|Any CPU
		{9002A60E-1D2F-4D86-95A7-7F2BE50CDE04}.Release|Any CPU.Build.0 = Release|Any CPU
		{1120904B-4E07-4C1F-B692-1F54BF986034}.Debug|Any CPU.ActiveCfg = Debug|Any CPU
		{1120904B-4E07-4C1F-B692-1F54BF986034}.Debug|Any CPU.Build.0 = Debug|Any CPU
		{1120904B-4E07-4C1F-B692-1F54BF986034}.Release|Any CPU.ActiveCfg = Release|Any CPU
		{1120904B-4E07-4C1F-B692-1F54BF986034}.Release|Any CPU.Build.0 = Release|Any CPU
		{34D83293-E0F2-4513-8E7A-6F3B1AB110BD}.Debug|Any CPU.ActiveCfg = Debug|Any CPU
		{34D83293-E0F2-4513-8E7A-6F3B1AB110BD}.Debug|Any CPU.Build.0 = Debug|Any CPU
		{34D83293-E0F2-4513-8E7A-6F3B1AB110BD}.Release|Any CPU.ActiveCfg = Release|Any CPU
		{34D83293-E0F2-4513-8E7A-6F3B1AB110BD}.Release|Any CPU.Build.0 = Release|Any CPU
	EndGlobalSection
	GlobalSection(SolutionProperties) = preSolution
		HideSolutionNode = FALSE
	EndGlobalSection
	GlobalSection(ExtensibilityGlobals) = postSolution
		SolutionGuid = {80C96C49-A72E-4298-9231-EC0D2C2877C4}
	EndGlobalSection
EndGlobal
